repo jake-song-openmmo/onlinerpg-assets
revision 8eaa6f8ad8e3269709afdd9e5e834d59d9f770f7
file 5edac6dfec09f450747fa2d9ad9dc64b10e717f2fa5a01729f0d4ebc00396cdd assets/Clapping.fbx
file 81b84a7b0d42d73f40b12833b679409e6d9a34e014bc818da9b974e8bd173e95 assets/Excited.fbx
file f649210633379baed221a8f5a2c73ecae657fbb8684b850e463ef81977dd3253 assets/Meshy_AI_Bottles_and_Scrolls_o_0809151940_texture.glb
file f0fd4ff2df9de2aa1a2116ff569a3f6ebefd1c0a835604c2e063da048f73ba30 assets/Meshy_AI_Feathered_Coin_Pouch_0813074816_texture.glb
file c9dfc0bbb5968f9f88e49b4c56c0ab171998fac964555e97565329656d163d56 assets/Meshy_AI_Harvest_Medallion_Nec_0812153406_texture.glb
file b99235726e8f2ebe20e0066b2900c0c4293bc44c4072aff3bd1f2306e6626291 assets/Meshy_AI_Ironclad_Warlord_0814065431_texture_obj.fbx
file b2bac564aa5a0bbb43419850dbb221c68140ab95cca4548e0c6b2ead243f32ed assets/Meshy_AI_Ironclad_Warlord_0814065431_texture_obj.zip
file 724469b9113a06332eb90c558fb798516243ec2c22f36b71273205839d4bb09d assets/Meshy_AI_Sapphire_Crusader_Bra_0812120734_texture.glb
file 8a247e13cd1354a70696747ab7821f5deecfe66f129677156e3c1b0b3e06b0f3 assets/Meshy_AI_The_Jolly_Buccaneer_0808104220_texture_obj.zip
file 2e18b3d0cd2894432007894194b1358e9096e8a3a097bfaeace846c129fac211 assets/all_animation.blend
file ff60f3d346224b1fa10c2bd203f40962470a1f307e8711f26622691b03f1bfa5 client/public/bgm/Beyond the Horizon.mp3
file ea9c9c8df8363afc9b8dda4fc387e4d089781a51932fe6a2fb69923af27a78bb client/public/bgm/Blood and Bronze (1).mp3
file a87bec0ddcefc6970d4e9fcb737096a43a05128f6633e3f057c6b2df26f29fab client/public/bgm/Blood and Bronze.mp3
file 9c2f645877b1db3c0f7ea6e9e67ed11aa6d75471346131a8a23e7a1f59b8cf41 client/public/bgm/Castle Glass & Copper Skies.mp3
file 16e670ed675e530bb285095e534febfcc2eb7c01e6a3def9f1aed3ad0a56a64a client/public/bgm/Clash of the Iron Realm.m4a
file 3a20bd7ee800c33078fc03719a5585285c9be23c67dd1d4a9e4750f6e32dc55e client/public/bgm/Creekside Air.mp3
file 9b5b7b4eb60263f8e7401c9664495adabfc48c0ae3aeb75d1e4390b400242822 client/public/bgm/Crescendo of Remembering.mp3
file e2fc05452c2358b916b92c85d031f1a332ade9863f2fc85c7956a0005114573e client/public/bgm/Crown of the Dawning Sky.mp3
file c0bda28945ef64e0e44e09ecf4ce41ecd777a50a6e316c17181050a2a8d39209 client/public/bgm/Dawn Over the Kingdom.mp3
file 5497dd9a4804b83cd4cad6369a583c64d6cf523e8a489794cd61bc75d9febd20 client/public/bgm/Dawn Watch at the Gate.mp3
file ffa0a55f75d1bce1aaf25db42d1267fd01e7512c08df00c76cdcd2fa21bff309 client/public/bgm/Dies of the Dragon King.mp3
file a797a4088bb34b6e910713fcb653fbdacf0140bcdd76ca7da4dab052313e48d6 client/public/bgm/Drums of Valor.mp3
file e010dcf36533028c32c3ee4fe25b945c596d8d61668278e3598b1bf2ea4b3475 client/public/bgm/Echoes of a Distant Summer.mp3
file 6a20d9dd06c6c7a77a908450e8b85f56779473eaf173c4a4ad6c51d65ae065fe client/public/bgm/Echoes of the Horizon.m4a
file 7c6a3e04f0789345e635954839776c1c2d5540a7c63ff8fd313045e22ec7e490 client/public/bgm/Echoes of the Old Realm.m4a
file cc24b67035f32ae30953dc3053a07af2ea91ee7aac511dd2c68640bd71c32c20 client/public/bgm/Festival in the Lantern Square.mp3
file d1f3b57c69f3cc7242c3db8377aa1606ed82d3df77b3218d266265077eb36517 client/public/bgm/First Light Waltz.m4a
file 8940d02e3147302b31eac68b20a5ec86253edad9ec0466164d3c246fc1ae873f client/public/bgm/Grief in the Green Vale.mp3
file a6ef63720c647d6571a84f91f6b2edb0393011f39cc1d080c5c59902e85f1407 client/public/bgm/Hearthside Respite (1).mp3
file 33d25a6f4bf9da7582f552be4fccfc8c3c7753c51df212359cd2f35c10723661 client/public/bgm/Hearthside Respite.mp3
file eb2b40556d1a79cef19fc4f330f848e4c2239cc5e0af1a23ed6fca698985926f client/public/bgm/Lonely Banner on the Wind.mp3
file 57fa2c906f9020715868a6d4600b68bcebc96269ff19f011905d38a3fe06425b client/public/bgm/Lonely Roads of Eldoria.mp3
file abb95540c6d53d553d75bbd2223de7ef3860d4dfbab7ac5c90a73af7e14b94cd client/public/bgm/Lonely Steppe of Ages (1).mp3
file e8a613ca0d2e4fea60e03b592c55eeb3255dad570cb9c5e0d5481d59057fa9b8 client/public/bgm/Lonely Steppe of Ages.mp3
file 280085f7361a5d62285b59de3570853feb3fd9140629969fa418ea35b9c6f085 client/public/bgm/Path of the Eternal Quest.m4a
file c81c766425eb0b4857b413264fe152843fcbfea1c7d3d7ee9c6382e8d9942f4f client/public/bgm/Quiet Longing.mp3
file d420d418f855f2b2da4c1bec50887652c5337ffefd6f0563605804d307ee8903 client/public/bgm/Radiant Vanguard Overdrive.m4a
file 8042065ff10e5346cc96a1b6b059fee489c93cf9d16edfc0c93e1459351728b1 client/public/bgm/Ruins Beneath the Black Moon.mp3
file 6c4bbca075cb701966b5c1c71a8ff32a9c44bbaa393fa2a906a000f312c5d552 client/public/bgm/Shadow Over the Village.mp3
file 567a13adce871b902be0c826ce503bf38d65e1d3336b0b918ba363757bdef110 client/public/bgm/Shadowed Keep in G Minor.mp3
file 766027f20f847fa08ca1dd1aa21eb004b52136a25db72b9667690e889af09a92 client/public/bgm/Shadows of the Citadel.m4a
file 52944ed04d64a788ebf8ea81c548fb56a05d2fc60f17ceede0e57439b682564b client/public/bgm/Sky of Burning Wings (1).mp3
file 4ca5fb7002381890e1097e053297f806c53eb0eb5371c9b46f07a4ecadb722ff client/public/bgm/Sky of Burning Wings.mp3
file 2963cb681899f177a765e27bdae29e4a8d2b1a3f280c17b2bc433e8bed8d1f2f client/public/bgm/Sunlit Shopfront Waltz.mp3
file fb9711a1efcb17f2febd97bfaedd0b259e2b7d1f00fa5d3f13c37700fd6ccaf1 client/public/bgm/The Abyssal March.m4a
file 24a4965f2c3c66dbb23a1144d423138b332183c618ead500c39a699769afe1ac client/public/bgm/The Gallant Expedition.m4a
file 162eec756de93a4209cce19f820e8f73e71c48e9df7a739954cda840b3bededc client/public/bgm/The Gilded Tankard Jig.m4a
file 6b440ae85b39c1d4f7567725d8aba800b07ea1849a662917031f6fc14c85d2f5 client/public/bgm/The Great Gate of Kyiv.mp3
file 0204fd03ac9f4eae1f64200f808a5f45f440657c61c403bceb6b6e841813ce00 client/public/bgm/The Hearth's Welcome.m4a
file 2d26008c6e1e900a9a680a71716ed4401703de3ebd2dfea89790f4332456332d client/public/bgm/The Silent Frontier.m4a
file e46850b67e621de75c78c695ad78e668d0ea48e3462bdac631cfbf76b8f658ae client/public/bgm/Triumph of the Vanguard.m4a
file d0132720718eb7d32c98d75082e503a3885a9e7242dc9f34e56612f78d970606 client/public/bgm/Triumphal Procession (1).mp3
file 0e7fd27ff852385add5b167766cec26cd2337a6db4f37a13f6a5e428eeb98ce5 client/public/bgm/Triumphal Procession 2.mp3
file e8a85a1552916d1e164ec200a74bbaeceef8e4ee46b390409bdd764927f15821 client/public/bgm/Triumphal Procession.mp3
file d5177036db5b39e928aead4928827b047700b92068e6e18fc46d7eae759eb333 client/public/bgm/Twilight Fields.mp3
file 3a12e4d000b3a35ad32f0b9437b1e65ad1eba1a19257ed6f0e29005c6c8f16c5 client/public/bgm/Visions of the Realm (Epic Orchestral Version).m4a
file 44d2ed3a563ae4e3e1d7ec9bf9e13702b798e9cb7fc8dfb1d40426b3489a89c1 client/public/bgm/Visions of the Realm.m4a
file 622af87ebfd7e372b9e0b3ca3127ab0480e93c235ecd1c52a6a3c052b61826f5 client/public/bgm/Wanderer of the Old Fields (1).mp3
file fc506da489dc07b87384ac7a0d49642874deea5890500d700868a51c4fc8ea49 client/public/bgm/Wanderer's Solitude.m4a
file be8be33714a5c5362a8ccd712808f9b73d37a4f18b406be604c9aa38070b5ae2 client/public/bgm/Winds of the Open Plain.mp3
file dfc4d6dd6f8cb13d9fd2e137da30e0235179fc5a700f25a227efba9e015b5175 client/public/models/accessory/cross_shield_ring.glb
file f4186e712f1ca8327c0281e8d85047d851db4af1e2362a79c3b363901ae00335 client/public/models/accessory/gold_ring.glb
file decd3791161843ed0bd975aee332dcfa1ecdc3fe4aba2323808d8f82eae0f5a0 client/public/models/accessory/ornate_cross_belt.glb
file e34371238718ee2c924dac1e9586a1aee133a12d4eae23c7a7b1317d9b291e05 client/public/models/accessory/silver_necklace.glb
file 10d724b0f809fca9fb28fe6c49c2197cd1cc590373c01e6c0700466eefcc076f client/public/models/animations/combat_melee.glb
file 04dcb3fa6b0ea6f2fac21a29e630665c4e01c05820848b98f660c3a9dbd1dd3e client/public/models/animations/fishing.glb
file 8db1d7d6e2037284da56c48cd0dedbf84f234815c81d95272b8d3cc57731ec2c client/public/models/animations/locomotion.glb
file b9dfabc7e57505515da545622ac7b781541d550d035c3351bfb1c532fc2df125 client/public/models/animations/offhand.glb
file fb9c5c1959772adb39024f1ef09bea473fc45f80f49ef6345d3c2b77271e5eb6 client/public/models/animations/social.glb
file b966c25b54ec66dd2185755d9c1d8e9480c92a88f97d54f3f98f2b1110741de2 client/public/models/armor/chain_mail.glb
file e5240ade3359f2963a822b2b5ff5ba0becd31d6a0bd12000de056a740b9ef6ba client/public/models/armor/iron_boots.glb
file 1354830c7de25be20b5eaae704fee9a30cd03a7371a78b6eccf93fdb5078ba0e client/public/models/armor/iron_gauntlets.glb
file f3664f2df427b58ace7662cd40c4cd6eca7c3a36f4a4b5e611d1f958a4674ffb client/public/models/armor/iron_helmet.glb
file df978e4a77f3533f56ee6fb17f4138b8e09c4bac7c941bd4027eb71e253bf1a5 client/public/models/armor/iron_leggings.glb
file d355162bafd2474f22c3c9957c1c1aecf05b23e92dcbc47322846eacb1bc1a74 client/public/models/armor/leather_armor.glb
file 10dc3e99ec87b87eb7b23e7cc45d6bef98809e07c907525e7637cb34166f2683 client/public/models/armor/leather_boots.glb
file 6a776a243d5bd76f9ddebc403cedc1fb0af37d9dddaac63c71a353bfe375136e client/public/models/armor/leather_gloves.glb
file 2ef1dc1ddc0462180586c209972126a52a936140432f3f77a34d51fd84fb66f5 client/public/models/armor/leather_helmet.glb
file 00755ff4c18aca109c52f39c25ba8b1a59c685b357a28eef81a4af29a9dcd1a0 client/public/models/armor/leather_pants.glb
file 163eba47d92f0f50cb79cce9d21ea1ff8390f9a66cda8a60cd7ae501b95bc6c3 client/public/models/armor/plate_armor.glb
file ecf182cb2a53cbc4bc48b4de893b0d99a9dd965df555eb574f5078ecba014e0a client/public/models/armor/plate_gauntlets.glb
file ba237d678217c38ca0946ed34f68f379d867e10d1226c324cf866b18eeea4ae2 client/public/models/armor/plate_greaves.glb
file 01c1c65159344fa0f3e294f78676943c7aa5098cef927bdef1714a0592be94ca client/public/models/armor/plate_helmet.glb
file e360d41688b43060e1d7094c54ab21d5d4a89cd89135ba1c4fd963b184923368 client/public/models/armor/shield_raven.glb
file 8e756aeda2bd24ad5f0ec5ea2be4a437582be7067c6affe92bb6078a8bd8f49f client/public/models/armor/shield_wooden.glb
file 5550850380ecedb7410436cf59441b000f4f11af8d7877cbfb8fe754865cc627 client/public/models/characters/barbarian.glb
file a7fdc51a50b8b566b1acb716168cb1f446e2144bde873d8d7ec88d0f7a7586d7 client/public/models/characters/caveman.glb
file f1aa9887b509eff506cce859e0b2e1d23b4a4e4e1d76cfeeb107dbb2811e4595 client/public/models/characters/cavewoman.glb
file 7994db2a206472cb289f4e962278762c0832aeeac6624a8f3e22f3742b69ac48 client/public/models/characters/female_barbarian.glb
file 469a52797125e45768e004e2ce7fa92c30d1c8890ecd1a89258cbc58e7418d85 client/public/models/characters/female_bard.glb
file 5a41d2d29b15cee9d362c3babb088a7c890536cee66d40aeea47420996b78474 client/public/models/characters/female_knight.glb
file 70e8a23f4eb5f45fc8605bbda7c9f96688c40fe478a8edd0fe3801e6f5a9ba91 client/public/models/characters/female_priest.glb
file 32d46318fc7e09e118b92a8666420332d8a422bad0087de1feb56e788bdf493e client/public/models/characters/female_rogue.glb
file e494d0d3a8706d916cb77465d6d62e512210dc36395224e3328886d3adc92936 client/public/models/characters/guard.glb
file af6ba32805ab2a54854c63e2be086b16451f4c80b07a532c9ccc982a85cd96b3 client/public/models/characters/knight.glb
file 3974aaf7f0eb2b17b410dea93d69db50d29a6c7d81d71a62f33194720d80749a client/public/models/characters/night_merchant.glb
file ba48524e32f9929ffde93c276f3cc1204fcda54522209d042c9fccffc8a83579 client/public/models/characters/npc_woman.glb
file 9364f6fa3ee72c505712453bd1f50a52404b3def8cbbff91e91d8c6aa30494bc client/public/models/characters/priest.glb
file 4f972850fdadba38fa5a4ce495cb4f8c5760396a607c5fabc10743fb054e1034 client/public/models/characters/ranger.glb
file b56a42df1eddb6dc8baf44da98669b209446b6ec17e49b860f1156cd99ea81a5 client/public/models/characters/rogue.glb
file 9c6f1bb90c7bb8315d76f63d02fd1615c4ebb45e33ecaa7d6c90148eaf804653 client/public/models/characters/valkyrie.glb
file 7c97a2644e4c664b840862c9afbe5e909904d7663feca162a54b5d41c9728b3b client/public/models/monsters/goblin.glb
file e8343ea3763561eb76053a6e59bcf290b4f5648a3951f84131816957c7a0844a client/public/models/monsters/hobgoblin.glb
file f6d38aed5ac63a771eff32618febe6d9704e80043d78c3e33b9c96f15dcaf799 client/public/models/monsters/kobold.glb
file f502d6660735828b0467992a90d6e5135fdad5728477e60b6f8bdef8b2a96404 client/public/models/monsters/orc.glb
file 33e2f30fe3b3d6a54c9a0cc8894a7cd0e99f1b58b1c058ca7a38701d8d3b58bb client/public/models/monsters/orc_female.glb
file 19d1d3ff3ed25fac218b2e90b73eb8b0879b63f1bf7005ccdc22e6c5b660ea47 client/public/models/monsters/scp939.glb
file a792858ef1010409d2d63d6cd6f02b70ef003c84235850cd276f567ffa68c50b client/public/models/objects/ammobox.glb
file 99e08cad98bab98f504cf17774a028e744600a154913524684ff5c14f51c678b client/public/models/objects/apple.glb
file 4bec706f658da6313c02032046a31553812f847a3d44577b061953e1be17c002 client/public/models/objects/barrel.glb
file 9d2b166d35fb64302d6e2fdf2f76abf4d9fafff04dc03a36e9bc25cbe5456338 client/public/models/objects/barrel_broken.glb
file d1284a53530932262a3f6987203c660f3dfac5a4c05ef9dc965ecfa1e27666b5 client/public/models/objects/bed.glb
file 6c28b55f00cd6b0197cd0204bc79796fc8358aa57fddee95cf287202ee893c83 client/public/models/objects/big_stone_bridge.glb
file f637fc81280d06ec7e2d82196984a6c3af4a9bbf61ab1ee27164a31a8a1be28e client/public/models/objects/black_market_table.glb
file 1f5ee430658b9997fa4b31a90ab51cc70e8986374020785dd89dbfe89c6a4e7b client/public/models/objects/bread.glb
file e7993a87f62e6655fc24e0c21966fc7aca3a086520de54dcd192538d16cd943c client/public/models/objects/bridge_wood.glb
file 9a4f9a3104d22cc1d0b5eb17f4f8ef54f8aef324339577a876bc5505e7eef189 client/public/models/objects/bridge_wood_long.glb
file ffbde088ae7044cc2fce00daca33877e1aea224bf1211d7e7af7255e2d1cb84a client/public/models/objects/campfire.glb
file 2cf60a7865b4e361adc564055a7b805c7e43579e2cdc591cdd2e46ceb2ab0dc5 client/public/models/objects/campfire_kit.glb
file 58112cb05ee4411aea371e42944990903091abcc9bade31530c39ca69547a568 client/public/models/objects/chair.glb
file 2ed17dc3a98e7710edcd518dbca90ef2bb3f47e7709ed33e2c1e22eb9713a40f client/public/models/objects/cheese_wedge.glb
file 1181118f13672a9130b607943ca0af6eeb822320b41cded0c57ee62f79a91f4a client/public/models/objects/chest.glb
file 06606efff4fd3728ccb779181c807a8c67b561351430a2a5a3d347329ce88ede client/public/models/objects/chest_animated.glb
file 1168d9b4c25d0c6a011e008190392e65cd0bceedc37e151d9defd01be14f3c1b client/public/models/objects/coin_pile_spill.glb
file d593a79c1b1a51945d86b1e531d3ec24dafd8d1c3ba4cf85085c27888d748d58 client/public/models/objects/crate.glb
file 1195816873552f7a6a65795c6f6580109fc0132b23482cd1003874620465f9df client/public/models/objects/crate_pieces.glb
file af77211ce94a8542078e4dc1e1627408a5a8d3995e8f88fe723397181b393220 client/public/models/objects/health_potion.glb
file 282313c97aa6a35a672e98b4f814d4cb9442878b87fd0469ea46c4b99425463e client/public/models/objects/healthbox.glb
file 8a4b2b3023c5747738085dc8161cb00da8083c0b4d7aebd984303bea09ce1f06 client/public/models/objects/jerky.glb
file 5bf248e45ff93401f8e93f3b6f62e92371d4f290308136f81cc8183dd8ace726 client/public/models/objects/lembas_wafer.glb
file f0a7d2e89f59286ef0d33becabbefc698b9c324c3da114a1ef85485003066f97 client/public/models/objects/river_rock_01.glb
file 49de59e3f97f4579af6053f21413b88a6e8a4359cfcc3aa388e3028105b448df client/public/models/objects/river_rock_02.glb
file d454e1657b7c8ee92234c8d771938656151d53ea85d4d85fb820af1958097425 client/public/models/objects/river_rock_03.glb
file 29000d707ad60a4d773629de8d2e7d7fefab5b6c91cd3a1ee000b8afff2a8d3b client/public/models/objects/scroll.glb
file 2e76ae38bc893ed33a689a2f9f57d3ca6f10e858b0cd9dd70478739694887b58 client/public/models/objects/scroll_enchant.glb
file 0d45f97414064c1aab3a7333880bc8659cb3b652fd52a59b41d9d1a55d8f97f4 client/public/models/objects/shells.glb
file 01a7953397af01dba89ac3063b8977a92466187772bceb991607c034a83561a3 client/public/models/objects/signpost.glb
file d44e49f07845af9230d1a2df8c83d0f1488d3f2e7def33ffefb6f230cb75f180 client/public/models/objects/signpost_mirrored.glb
file 24e7673717b42ba1f1790b00a22da39b6fe7e55753a143c502e2c395aa3b3e95 client/public/models/objects/stone_bridge.glb
file 70df4a7a57f441a59b2c53c73063757a4f47d68e404da6a67afc1695f5064858 client/public/models/objects/table.glb
file 51d37fc983589802c2de8bb8ac0828cce8b962deef1a6ae49bec3bd7507fd454 client/public/models/objects/tip_hat.glb
file cbbb0685cf378a488b89d043bc09d4b64240e7ecdce8b874a0620fc9fa2fc1e0 client/public/models/objects/torch_wall.glb
file 6f481b540cd6c2edd59826a198ee9ac38e709ecbe8ece9897246d8493b012c88 client/public/models/vegetation/tree.glb
file a6b0040c805c6d7d024172344194260b0526a880d112c00c649db55910240819 client/public/models/vegetation/tree2.glb
file 6022552356cc01071557597b44c4903568fd346e0558e633a87d797c31478e5f client/public/models/weapons/dagger.glb
file 5d720b78575b27f8b132c3a392e214f84b2f5f2bdcb6282912bbcf7ab9035e0d client/public/models/weapons/fishing_rod.glb
file 8ff6bf2e09fc50b0a3e4c2a7ea402de5d9be492e32b6127cf97223f22fbf9607 client/public/models/weapons/goblin_sword.glb
file 0f4aac68f8d973c66bae016f14e6670fca7aaf17f763a36aa3b642fa02666b2b client/public/models/weapons/mandolin.glb
file 240d3dbf31d893bc562a1ca3d290ffd477fa617e2b9f480bc63ec56736724955 client/public/models/weapons/small_sword.glb
file c8f7adafb9c8f40955486e162b9e4a33b0fea9b8da2f0772f271c48be91a7b88 client/public/models/weapons/spear.glb
file e902bc85f07ea4f7307d7e6363f9915b9a30414b84f7529b99f0a007e913a1b5 client/public/models/weapons/sword.glb
file 6ea83950eba29af1bf024d50ab39dc3fe623e2d52c749c2488f8d86986584d00 client/public/models/weapons/torch.glb
file 0e5b81171a9e7393df5d055104a238ce426061b8044c276d834fc200c97d5b91 client/public/textures/cliff_side_1k.glb
file 54f2124f6020c7baa7758b2dbf2a503b21f1fddb524e2495e041c4fcd367921f client/public/textures/cobblestone_color_1k.glb
file d33c16a7997e0a77888f04673737336cfcee8ed844e1edec15e30779576dbce7 client/public/textures/dungeon/damaged_plaster_1k.glb
file df9484f311adf536f73f3947935b6c72b241e109b9db314003bfb1f01c04c937 client/public/textures/dungeon/old_stone_wall_1k.glb
file 563c0092e6b646a3e9f51d487fdec97ef26f45a89c39fb72745f8b477dfa46d4 client/public/textures/dungeon/plaster_stone_wall_02_1k.glb
file 0b143e27c44aff816f1f14d30bafdd78343dbba7735d9467e02ae8961ae6b337 client/public/textures/dungeon/rabdentse_ruins_wall_1k.glb
file 918c27135e518515b220940b255d213fb072ef6ea59f46a1536d74af56ca6c26 client/public/textures/dungeon/rock_wall_05_1k.glb
file 04713d5d05d555e8b9c6dce397f68a4d898a7bea2253afcf7819708f4738ef9b client/public/textures/dungeon/rock_wall_08_1k.glb
file a8c2f3b82be05ebf7a53d7131a18b212fe8fca3c142f179b5a0e40cf8dd883ab client/public/textures/dungeon/rock_wall_10_1k.glb
file 023b9aa5005ea3ae7366878ccbc0e84313a48bb8845d117dcf6b5eb2416cddd7 client/public/textures/dungeon/rock_wall_13_1k.glb
file eb9518e9a49c7b064f844b65452081df2e713d492aaa96b4232098ddcf0b419a client/public/textures/dungeon/rustic_stone_wall_1k.glb
file 358aaf9e05977dd097ac9ad96286944d6b5b6bba231abe8c8384c5ff39b66477 client/public/textures/dungeon/wooden_garage_door_1k.glb
file 8820ec98a8dd9a094e1349149f5ed3c20c673b75c39b7ce6cecf34dc11d20475 client/public/textures/fine_sand_material.glb
file b784cd0a455674dd14ff6950f183f3691ed818acf939c1bb8bf545337b74585b client/public/textures/ganges_river_pebbles_1k.glb
file 92b62568a6bbbf9212425e34d51a784c7df0296163818c258c132cbd7d24d2f5 client/public/textures/gravel_floor_1k.glb
file 57ad5c4c26be30d022ba32f6a90f9fc64075fc418a531f2d44f181349292d15c client/public/textures/gravel_road_1k.glb
file 72d6f3c9017489d9a3e8f3308e4bdaea0f367fa4042002746c5b905cf750e1ca client/public/textures/gray_rocks_1k.glb
file 8e88477a0e69e509df16594e057e955d7c68c194435878e640dd0faa15533423 client/public/textures/housing/beige_wall_001_1k.glb
file e3d226375f5486b290a1071c30ac3ba6ff2fffffc37604daff9fa186c66b47e1 client/public/textures/housing/clay_roof_tiles_02_1k.glb
file b02b082e9e1ebfe3f64e8d2a2ac914896e94962d82212cfd576bde525f4d9b8c client/public/textures/housing/clay_roof_tiles_03_1k.glb
file 88c52c4d7a3e94733758a648228dd5f04cd88154a8d7e7f66f746ff949d2b857 client/public/textures/housing/dark_wooden_planks_1k.glb
file 52154ad871d80fd8f83eab2f3a1f7fd14c87c7ac39aa1629283548ae9e668bcd client/public/textures/housing/grey_roof_tiles_02_1k.glb
file 0ad2cac4f5d085c6ae2072bc7dd421717bc301600168ad3516fb31c4de4b5f25 client/public/textures/housing/grey_stone_path_1k.glb
file f5fc5b2776f1f06419fc79882ab1c977ad1d8f0ca5c116fe33660d6605634d18 client/public/textures/housing/marble_01_1k.glb
file 71021320a82f7d29920a7dc7ca47d09f63034043ccfc41a80a4fa532db566503 client/public/textures/housing/medieval_blocks_03_1k.glb
file 59a1f6fe660340987c57e1d96b806dfbaf5208004da021d5f6fff4eab2f31528 client/public/textures/housing/planks_brown_10_1k.glb
file de3b2107eec71b3ddb0c5d7c972b8084ed0d6d53bf9f51cea2326d4f10fbf49f client/public/textures/housing/plaster_wood_wall_1k.glb
file bd084caa5bdd926b449ab51b727208433c74208cf9e5add2a783a0e71c2485ef client/public/textures/housing/red_brick_1k.glb
file 6690f04aaefdba39990944b776a720487791ab074c90b19d89f7ce63288928bc client/public/textures/housing/reed_roof_03_1k.glb
file d0bd8faaded853f5cc3552c92f9fbcb20b28005f4c68073ed081812bb7180441 client/public/textures/housing/rough_linen_1k.glb
file 95f6b79bdb80caaec61585caac17b70b720d93996f50695fb858df70963f3172 client/public/textures/housing/sandstone_blocks_04_1k.glb
file a2b3fbb65de8e56b225b821855acd9bcf734e673530b6429773b4b80d8422af0 client/public/textures/housing/shutter_panel_1k.glb
file 4ecf49c342d9388b68ab5b2e371afcf5f770d6c2be68e94938ec99f2e91d029c client/public/textures/housing/weathered_planks_1k.glb
file e38b41a8a1de4d5e4bae188db6addf1808e92a7d3105014f74a5038b90a84b13 client/public/textures/housing/wood_plank_wall_1k.glb
file e2c41a374a478e66265f198fddcf66d1ce4e7c6363e3c57585b91a7e4419f994 client/public/textures/housing/wood_planks_1k.glb
file 56187428e3782c3228ed498a2073238c037ae14761292bd635a5fd4d53776759 client/public/textures/housing/wood_shutter_1k.glb
file 1cfd6044fcc5b4cb3373b511af8bf1868714d6f990d2a3beec344fe67fb83563 client/public/textures/housing/wood_trunk_wall_1k.glb
file 0b202f983845ffd7858d3db45392dfac553336afd30ea7eb627e1801b92dc7f1 client/public/textures/housing/worn_mossy_plasterwall_1k.glb
file e1c9e02b8a4a33d6b9874454ee1af6fdbff0614dd888f5fdc7014465b334995e client/public/textures/japanese_stone_wall_1k.glb
file 1c17d0c8a9679142312891c0541187facf0d6f69a1f1acd2d383407c7249c2fe client/public/textures/marble_cliff_01_1k.glb
file 27aedb5bb4b1079420656c9065bf5b8ccf28dacb069fbf3e5f5dc5b98ae4605a client/public/textures/patterned_paving_02_1k.glb
file bdaba6374594f34a91d490db556869f6001f6363e97169cd4be9bb9b3e5ef9d4 client/public/textures/pavement_02_1k.glb
file b9bc8985078722e06792098f47aa397028fb04fc7d94991f0eaddaa4f906544b client/public/textures/red_laterite_soil_stones_1k.glb
file b12e404bc9e88c6d45318d7ea57a8083df4dcc20d35a8804be86c5089fca9e8f client/public/textures/rock_embedded_concrete_1k.glb
file 1e264255d87bb858a8265e309a0237bad24855492ef1c96f8c9fea50bd92384e client/public/textures/rocky_terrain_02_1k.glb
file 3ca1c5c0fd162139efabf84b87e883a44f430693f3ea6fb79768d546a11c27e7 client/public/textures/rocky_trail_1k.glb
file d5a5eff9eeb2034a1e45cfe1c5e3fe95f1e50643985dddb18782aa85871327d2 client/public/textures/sandy_gravel_02_1k.glb
file 0d34e8f2e3bc3ba16e03fdfcbc175280042aaec9c963c2b87647a082ddbc99f5 client/public/textures/snow_02_1k.glb
file ad20c0fe6f49fcf5e9cb41068dbc5654cfc36e103ca380236ba6a9eb1eb74051 client/public/textures/stone_pathway_1k.glb
